
Microsoft Visual Studio Solution File, Format Version 12.00
# Visual Studio Version 17
VisualStudioVersion = 17.5.33516.290
MinimumVisualStudioVersion = 10.0.40219.1
Project("{FAE04EC0-301F-11D3-BF4B-00C04F79EFBC}") = "OBSSceneSwitcher", "OBSSceneSwitcher\OBSSceneSwitcher.csproj", "{3F388EEB-E105-4874-A60F-C8F450F8F706}"
EndProject
Global
	GlobalSection(SolutionConfigurationPlatforms) = preSolution
		Debug|Any CPU = Debug|Any CPU
		Release|Any CPU = Release|Any CPU
	EndGlobalSection
	GlobalSection(ProjectConfigurationPlatforms) = postSolution
		{3F388EEB-E105-4874-A60F-C8F450F8F706}.Debug|Any CPU.ActiveCfg = Debug|Any CPU
		{3F388EEB-E105-4874-A60F-C8F450F8F706}.Debug|Any CPU.Build.0 = Debug|Any CPU
		{3F388EEB-E105-4874-A60F-C8F450F8F706}.Release|Any CPU.ActiveCfg = Release|Any CPU
		{3F388EEB-E105-4874-A60F-C8F450F8F706}.Release|Any CPU.Build.0 = Release|Any CPU
	EndGlobalSection
	GlobalSection(SolutionProperties) = preSolution
		HideSolutionNode = FALSE
	EndGlobalSection
	GlobalSection(ExtensibilityGlobals) = postSolution
		SolutionGuid = {59102AB4-E714-4E48-A67C-36704303E386}
	EndGlobalSection
EndGlobal
